
Microsoft Visual Studio Solution File, Format Version 12.00
# Visual Studio Version 17
VisualStudioVersion = 17.8.34601.278
MinimumVisualStudioVersion = 10.0.40219.1
Project("{FAE04EC0-301F-11D3-BF4B-00C04F79EFBC}") = "DZ_19_02_24", "DZ_19_02_24\DZ_19_02_24.csproj", "{33D571D8-4CDA-46C2-B688-C88CFD94F70C}"
EndProject
Project("{FAE04EC0-301F-11D3-BF4B-00C04F79EFBC}") = "DZ_19_02_24_2", "DZ_19_02_24_2\DZ_19_02_24_2.csproj", "{04E499DF-2ED2-426C-9BF7-E227A8330854}"
EndProject
Project("{FAE04EC0-301F-11D3-BF4B-00C04F79EFBC}") = "DZ_19_02_24_3", "DZ_19_02_24_3\DZ_19_02_24_3.csproj", "{793627C0-F457-4790-BECE-79EC3454B9C3}"
EndProject
Global
	GlobalSection(SolutionConfigurationPlatforms) = preSolution
		Debug|Any CPU = Debug|Any CPU
		Release|Any CPU = Release|Any CPU
	EndGlobalSection
	GlobalSection(ProjectConfigurationPlatforms) = postSolution
		{33D571D8-4CDA-46C2-B688-C88CFD94F70C}.Debug|Any CPU.ActiveCfg = Debug|Any CPU
		{33D571D8-4CDA-46C2-B688-C88CFD94F70C}.Debug|Any CPU.Build.0 = Debug|Any CPU
		{33D571D8-4CDA-46C2-B688-C88CFD94F70C}.Release|Any CPU.ActiveCfg = Release|Any CPU
		{33D571D8-4CDA-46C2-B688-C88CFD94F70C}.Release|Any CPU.Build.0 = Release|Any CPU
		{04E499DF-2ED2-426C-9BF7-E227A8330854}.Debug|Any CPU.ActiveCfg = Debug|Any CPU
		{04E499DF-2ED2-426C-9BF7-E227A8330854}.Debug|Any CPU.Build.0 = Debug|Any CPU
		{04E499DF-2ED2-426C-9BF7-E227A8330854}.Release|Any CPU.ActiveCfg = Release|Any CPU
		{04E499DF-2ED2-426C-9BF7-E227A8330854}.Release|Any CPU.Build.0 = Release|Any CPU
		{793627C0-F457-4790-BECE-79EC3454B9C3}.Debug|Any CPU.ActiveCfg = Debug|Any CPU
		{793627C0-F457-4790-BECE-79EC3454B9C3}.Debug|Any CPU.Build.0 = Debug|Any CPU
		{793627C0-F457-4790-BECE-79EC3454B9C3}.Release|Any CPU.ActiveCfg = Release|Any CPU
		{793627C0-F457-4790-BECE-79EC3454B9C3}.Release|Any CPU.Build.0 = Release|Any CPU
	EndGlobalSection
	GlobalSection(SolutionProperties) = preSolution
		HideSolutionNode = FALSE
	EndGlobalSection
	GlobalSection(ExtensibilityGlobals) = postSolution
		SolutionGuid = {FCE92D99-4CFF-466D-85BC-30BEFE77E43A}
	EndGlobalSection
EndGlobal
